
Microsoft Visual Studio Solution File, Format Version 12.00
# Visual Studio Version 16
VisualStudioVersion = 16.0.31105.61
MinimumVisualStudioVersion = 10.0.40219.1
Project("{FAE04EC0-301F-11D3-BF4B-00C04F79EFBC}") = "Test", "Test\Test.csproj", "{14CF47D0-67BD-4352-8151-A0C10FEBC81D}"
EndProject
Project("{FAE04EC0-301F-11D3-BF4B-00C04F79EFBC}") = "ListaClases", "ListaClases\ListaClases.csproj", "{539AC681-925B-4CBC-9E99-76AD664BA88E}"
EndProject
Global
	GlobalSection(SolutionConfigurationPlatforms) = preSolution
		Debug|Any CPU = Debug|Any CPU
		Release|Any CPU = Release|Any CPU
	EndGlobalSection
	GlobalSection(ProjectConfigurationPlatforms) = postSolution
		{14CF47D0-67BD-4352-8151-A0C10FEBC81D}.Debug|Any CPU.ActiveCfg = Debug|Any CPU
		{14CF47D0-67BD-4352-8151-A0C10FEBC81D}.Debug|Any CPU.Build.0 = Debug|Any CPU
		{14CF47D0-67BD-4352-8151-A0C10FEBC81D}.Release|Any CPU.ActiveCfg = Release|Any CPU
		{14CF47D0-67BD-4352-8151-A0C10FEBC81D}.Release|Any CPU.Build.0 = Release|Any CPU
		{539AC681-925B-4CBC-9E99-76AD664BA88E}.Debug|Any CPU.ActiveCfg = Debug|Any CPU
		{539AC681-925B-4CBC-9E99-76AD664BA88E}.Debug|Any CPU.Build.0 = Debug|Any CPU
		{539AC681-925B-4CBC-9E99-76AD664BA88E}.Release|Any CPU.ActiveCfg = Release|Any CPU
		{539AC681-925B-4CBC-9E99-76AD664BA88E}.Release|Any CPU.Build.0 = Release|Any CPU
	EndGlobalSection
	GlobalSection(SolutionProperties) = preSolution
		HideSolutionNode = FALSE
	EndGlobalSection
	GlobalSection(ExtensibilityGlobals) = postSolution
		SolutionGuid = {888CCB06-1ED4-47CF-B540-1082414350A7}
	EndGlobalSection
EndGlobal
