
Microsoft Visual Studio Solution File, Format Version 12.00
# Visual Studio Version 16
VisualStudioVersion = 16.0.31105.61
MinimumVisualStudioVersion = 10.0.40219.1
Project("{FAE04EC0-301F-11D3-BF4B-00C04F79EFBC}") = "Ejercicio_Nro_02", "Ejercicio_Nro_02\Ejercicio_Nro_02.csproj", "{F1443897-1535-4BDD-83FF-8CEF93B3FDD6}"
EndProject
Global
	GlobalSection(SolutionConfigurationPlatforms) = preSolution
		Debug|Any CPU = Debug|Any CPU
		Release|Any CPU = Release|Any CPU
	EndGlobalSection
	GlobalSection(ProjectConfigurationPlatforms) = postSolution
		{F1443897-1535-4BDD-83FF-8CEF93B3FDD6}.Debug|Any CPU.ActiveCfg = Debug|Any CPU
		{F1443897-1535-4BDD-83FF-8CEF93B3FDD6}.Debug|Any CPU.Build.0 = Debug|Any CPU
		{F1443897-1535-4BDD-83FF-8CEF93B3FDD6}.Release|Any CPU.ActiveCfg = Release|Any CPU
		{F1443897-1535-4BDD-83FF-8CEF93B3FDD6}.Release|Any CPU.Build.0 = Release|Any CPU
	EndGlobalSection
	GlobalSection(SolutionProperties) = preSolution
		HideSolutionNode = FALSE
	EndGlobalSection
	GlobalSection(ExtensibilityGlobals) = postSolution
		SolutionGuid = {52849F28-D39A-4E06-B5EA-399ED5B056ED}
	EndGlobalSection
EndGlobal
