
Microsoft Visual Studio Solution File, Format Version 12.00
# Visual Studio Version 16
VisualStudioVersion = 16.0.31105.61
MinimumVisualStudioVersion = 10.0.40219.1
Project("{FAE04EC0-301F-11D3-BF4B-00C04F79EFBC}") = "Ejericicio_Nro_04", "Ejericicio_Nro_04\Ejericicio_Nro_04.csproj", "{A361E6B1-EC14-44FD-B705-43D3B1C79DEF}"
EndProject
Global
	GlobalSection(SolutionConfigurationPlatforms) = preSolution
		Debug|Any CPU = Debug|Any CPU
		Release|Any CPU = Release|Any CPU
	EndGlobalSection
	GlobalSection(ProjectConfigurationPlatforms) = postSolution
		{A361E6B1-EC14-44FD-B705-43D3B1C79DEF}.Debug|Any CPU.ActiveCfg = Debug|Any CPU
		{A361E6B1-EC14-44FD-B705-43D3B1C79DEF}.Debug|Any CPU.Build.0 = Debug|Any CPU
		{A361E6B1-EC14-44FD-B705-43D3B1C79DEF}.Release|Any CPU.ActiveCfg = Release|Any CPU
		{A361E6B1-EC14-44FD-B705-43D3B1C79DEF}.Release|Any CPU.Build.0 = Release|Any CPU
	EndGlobalSection
	GlobalSection(SolutionProperties) = preSolution
		HideSolutionNode = FALSE
	EndGlobalSection
	GlobalSection(ExtensibilityGlobals) = postSolution
		SolutionGuid = {E37944A1-0BD4-47F4-88CA-F35E5352402F}
	EndGlobalSection
EndGlobal
