
Microsoft Visual Studio Solution File, Format Version 12.00
# Visual Studio Version 16
VisualStudioVersion = 16.0.31105.61
MinimumVisualStudioVersion = 10.0.40219.1
Project("{FAE04EC0-301F-11D3-BF4B-00C04F79EFBC}") = "Ejercicio_Nro_01", "Test\Ejercicio_Nro_01.csproj", "{05766779-2A32-439F-947E-F5644875F597}"
EndProject
Project("{FAE04EC0-301F-11D3-BF4B-00C04F79EFBC}") = "Calculo", "Calculo\Calculo.csproj", "{9278FC12-23CA-4587-B9AD-AC47AE9919D6}"
EndProject
Global
	GlobalSection(SolutionConfigurationPlatforms) = preSolution
		Debug|Any CPU = Debug|Any CPU
		Release|Any CPU = Release|Any CPU
	EndGlobalSection
	GlobalSection(ProjectConfigurationPlatforms) = postSolution
		{05766779-2A32-439F-947E-F5644875F597}.Debug|Any CPU.ActiveCfg = Debug|Any CPU
		{05766779-2A32-439F-947E-F5644875F597}.Debug|Any CPU.Build.0 = Debug|Any CPU
		{05766779-2A32-439F-947E-F5644875F597}.Release|Any CPU.ActiveCfg = Release|Any CPU
		{05766779-2A32-439F-947E-F5644875F597}.Release|Any CPU.Build.0 = Release|Any CPU
		{9278FC12-23CA-4587-B9AD-AC47AE9919D6}.Debug|Any CPU.ActiveCfg = Debug|Any CPU
		{9278FC12-23CA-4587-B9AD-AC47AE9919D6}.Debug|Any CPU.Build.0 = Debug|Any CPU
		{9278FC12-23CA-4587-B9AD-AC47AE9919D6}.Release|Any CPU.ActiveCfg = Release|Any CPU
		{9278FC12-23CA-4587-B9AD-AC47AE9919D6}.Release|Any CPU.Build.0 = Release|Any CPU
	EndGlobalSection
	GlobalSection(SolutionProperties) = preSolution
		HideSolutionNode = FALSE
	EndGlobalSection
	GlobalSection(ExtensibilityGlobals) = postSolution
		SolutionGuid = {26AFD84C-CF13-4226-B926-F75BD2B0C442}
	EndGlobalSection
EndGlobal
