
Microsoft Visual Studio Solution File, Format Version 12.00
# Visual Studio Version 16
VisualStudioVersion = 16.0.31129.286
MinimumVisualStudioVersion = 10.0.40219.1
Project("{FAE04EC0-301F-11D3-BF4B-00C04F79EFBC}") = "Biblioteca", "Biblioteca\Biblioteca.csproj", "{7F02F05E-5066-4A6C-8ED2-619093CD0AEC}"
EndProject
Project("{FAE04EC0-301F-11D3-BF4B-00C04F79EFBC}") = "Formulario_Jardin", "Formulario_Jardin\Formulario_Jardin.csproj", "{BF72DAD9-564C-44F7-B5F5-49063A6CAED9}"
EndProject
Global
	GlobalSection(SolutionConfigurationPlatforms) = preSolution
		Debug|Any CPU = Debug|Any CPU
		Release|Any CPU = Release|Any CPU
	EndGlobalSection
	GlobalSection(ProjectConfigurationPlatforms) = postSolution
		{7F02F05E-5066-4A6C-8ED2-619093CD0AEC}.Debug|Any CPU.ActiveCfg = Debug|Any CPU
		{7F02F05E-5066-4A6C-8ED2-619093CD0AEC}.Debug|Any CPU.Build.0 = Debug|Any CPU
		{7F02F05E-5066-4A6C-8ED2-619093CD0AEC}.Release|Any CPU.ActiveCfg = Release|Any CPU
		{7F02F05E-5066-4A6C-8ED2-619093CD0AEC}.Release|Any CPU.Build.0 = Release|Any CPU
		{BF72DAD9-564C-44F7-B5F5-49063A6CAED9}.Debug|Any CPU.ActiveCfg = Debug|Any CPU
		{BF72DAD9-564C-44F7-B5F5-49063A6CAED9}.Debug|Any CPU.Build.0 = Debug|Any CPU
		{BF72DAD9-564C-44F7-B5F5-49063A6CAED9}.Release|Any CPU.ActiveCfg = Release|Any CPU
		{BF72DAD9-564C-44F7-B5F5-49063A6CAED9}.Release|Any CPU.Build.0 = Release|Any CPU
	EndGlobalSection
	GlobalSection(SolutionProperties) = preSolution
		HideSolutionNode = FALSE
	EndGlobalSection
	GlobalSection(ExtensibilityGlobals) = postSolution
		SolutionGuid = {63585E60-74DA-4A25-B74C-A579F3D37C0A}
	EndGlobalSection
EndGlobal
