
Microsoft Visual Studio Solution File, Format Version 12.00
# Visual Studio Version 16
VisualStudioVersion = 16.0.31105.61
MinimumVisualStudioVersion = 10.0.40219.1
Project("{FAE04EC0-301F-11D3-BF4B-00C04F79EFBC}") = "Ejericicio Nro 09", "Ejericicio Nro 09\Ejericicio Nro 09.csproj", "{DC1944C8-FBA9-400F-8E0F-106A0EC919EB}"
EndProject
Global
	GlobalSection(SolutionConfigurationPlatforms) = preSolution
		Debug|Any CPU = Debug|Any CPU
		Release|Any CPU = Release|Any CPU
	EndGlobalSection
	GlobalSection(ProjectConfigurationPlatforms) = postSolution
		{DC1944C8-FBA9-400F-8E0F-106A0EC919EB}.Debug|Any CPU.ActiveCfg = Debug|Any CPU
		{DC1944C8-FBA9-400F-8E0F-106A0EC919EB}.Debug|Any CPU.Build.0 = Debug|Any CPU
		{DC1944C8-FBA9-400F-8E0F-106A0EC919EB}.Release|Any CPU.ActiveCfg = Release|Any CPU
		{DC1944C8-FBA9-400F-8E0F-106A0EC919EB}.Release|Any CPU.Build.0 = Release|Any CPU
	EndGlobalSection
	GlobalSection(SolutionProperties) = preSolution
		HideSolutionNode = FALSE
	EndGlobalSection
	GlobalSection(ExtensibilityGlobals) = postSolution
		SolutionGuid = {2DBB68BB-E5E4-40B8-B1D2-AE05B750725F}
	EndGlobalSection
EndGlobal
