
Microsoft Visual Studio Solution File, Format Version 12.00
# Visual Studio Version 16
VisualStudioVersion = 16.0.31129.286
MinimumVisualStudioVersion = 10.0.40219.1
Project("{FAE04EC0-301F-11D3-BF4B-00C04F79EFBC}") = "Entidades", "Biblioteca\Entidades.csproj", "{19DF50AE-9773-420F-98CC-6FB9E7016F28}"
EndProject
Project("{FAE04EC0-301F-11D3-BF4B-00C04F79EFBC}") = "CuentaGanadoForm", "CuentaGanadoForm\CuentaGanadoForm.csproj", "{ECBDBC20-B5E5-46B2-8DAA-8DA7678CDE90}"
EndProject
Global
	GlobalSection(SolutionConfigurationPlatforms) = preSolution
		Debug|Any CPU = Debug|Any CPU
		Release|Any CPU = Release|Any CPU
	EndGlobalSection
	GlobalSection(ProjectConfigurationPlatforms) = postSolution
		{19DF50AE-9773-420F-98CC-6FB9E7016F28}.Debug|Any CPU.ActiveCfg = Debug|Any CPU
		{19DF50AE-9773-420F-98CC-6FB9E7016F28}.Debug|Any CPU.Build.0 = Debug|Any CPU
		{19DF50AE-9773-420F-98CC-6FB9E7016F28}.Release|Any CPU.ActiveCfg = Release|Any CPU
		{19DF50AE-9773-420F-98CC-6FB9E7016F28}.Release|Any CPU.Build.0 = Release|Any CPU
		{ECBDBC20-B5E5-46B2-8DAA-8DA7678CDE90}.Debug|Any CPU.ActiveCfg = Debug|Any CPU
		{ECBDBC20-B5E5-46B2-8DAA-8DA7678CDE90}.Debug|Any CPU.Build.0 = Debug|Any CPU
		{ECBDBC20-B5E5-46B2-8DAA-8DA7678CDE90}.Release|Any CPU.ActiveCfg = Release|Any CPU
		{ECBDBC20-B5E5-46B2-8DAA-8DA7678CDE90}.Release|Any CPU.Build.0 = Release|Any CPU
	EndGlobalSection
	GlobalSection(SolutionProperties) = preSolution
		HideSolutionNode = FALSE
	EndGlobalSection
	GlobalSection(ExtensibilityGlobals) = postSolution
		SolutionGuid = {D7889CF2-B7AB-483B-8CEF-50A66F823367}
	EndGlobalSection
EndGlobal
