
Microsoft Visual Studio Solution File, Format Version 12.00
# Visual Studio Version 16
VisualStudioVersion = 16.0.31105.61
MinimumVisualStudioVersion = 10.0.40219.1
Project("{FAE04EC0-301F-11D3-BF4B-00C04F79EFBC}") = "Ejericicio Nro 23", "Ejericicio Nro 20\Ejericicio Nro 23.csproj", "{E9CE1DB0-8960-4B0F-A828-1C6A3ADC1F5B}"
EndProject
Project("{FAE04EC0-301F-11D3-BF4B-00C04F79EFBC}") = "Billetes", "Billetes\Billetes.csproj", "{8459ACBF-5C54-4581-9229-D474F3B0BC7B}"
EndProject
Project("{FAE04EC0-301F-11D3-BF4B-00C04F79EFBC}") = "Formulario", "Formulario\Formulario.csproj", "{12EEF9F5-CE83-4D63-88CC-FDC8C7F168EC}"
EndProject
Global
	GlobalSection(SolutionConfigurationPlatforms) = preSolution
		Debug|Any CPU = Debug|Any CPU
		Release|Any CPU = Release|Any CPU
	EndGlobalSection
	GlobalSection(ProjectConfigurationPlatforms) = postSolution
		{E9CE1DB0-8960-4B0F-A828-1C6A3ADC1F5B}.Debug|Any CPU.ActiveCfg = Debug|Any CPU
		{E9CE1DB0-8960-4B0F-A828-1C6A3ADC1F5B}.Debug|Any CPU.Build.0 = Debug|Any CPU
		{E9CE1DB0-8960-4B0F-A828-1C6A3ADC1F5B}.Release|Any CPU.ActiveCfg = Release|Any CPU
		{E9CE1DB0-8960-4B0F-A828-1C6A3ADC1F5B}.Release|Any CPU.Build.0 = Release|Any CPU
		{8459ACBF-5C54-4581-9229-D474F3B0BC7B}.Debug|Any CPU.ActiveCfg = Debug|Any CPU
		{8459ACBF-5C54-4581-9229-D474F3B0BC7B}.Debug|Any CPU.Build.0 = Debug|Any CPU
		{8459ACBF-5C54-4581-9229-D474F3B0BC7B}.Release|Any CPU.ActiveCfg = Release|Any CPU
		{8459ACBF-5C54-4581-9229-D474F3B0BC7B}.Release|Any CPU.Build.0 = Release|Any CPU
		{12EEF9F5-CE83-4D63-88CC-FDC8C7F168EC}.Debug|Any CPU.ActiveCfg = Debug|Any CPU
		{12EEF9F5-CE83-4D63-88CC-FDC8C7F168EC}.Debug|Any CPU.Build.0 = Debug|Any CPU
		{12EEF9F5-CE83-4D63-88CC-FDC8C7F168EC}.Release|Any CPU.ActiveCfg = Release|Any CPU
		{12EEF9F5-CE83-4D63-88CC-FDC8C7F168EC}.Release|Any CPU.Build.0 = Release|Any CPU
	EndGlobalSection
	GlobalSection(SolutionProperties) = preSolution
		HideSolutionNode = FALSE
	EndGlobalSection
	GlobalSection(ExtensibilityGlobals) = postSolution
		SolutionGuid = {22230DFD-1CB8-44CC-9516-B8B556CA6280}
	EndGlobalSection
EndGlobal
