
Microsoft Visual Studio Solution File, Format Version 12.00
# Visual Studio Version 16
VisualStudioVersion = 16.0.31129.286
MinimumVisualStudioVersion = 10.0.40219.1
Project("{FAE04EC0-301F-11D3-BF4B-00C04F79EFBC}") = "Calculadora de formas", "Calculadora de formas\Calculadora de formas.csproj", "{6A21363A-334C-4AED-ABE1-C14579124481}"
EndProject
Project("{FAE04EC0-301F-11D3-BF4B-00C04F79EFBC}") = "Test", "Test\Test.csproj", "{4945293A-44D3-4FEF-887F-F870B12ACC02}"
EndProject
Global
	GlobalSection(SolutionConfigurationPlatforms) = preSolution
		Debug|Any CPU = Debug|Any CPU
		Release|Any CPU = Release|Any CPU
	EndGlobalSection
	GlobalSection(ProjectConfigurationPlatforms) = postSolution
		{6A21363A-334C-4AED-ABE1-C14579124481}.Debug|Any CPU.ActiveCfg = Debug|Any CPU
		{6A21363A-334C-4AED-ABE1-C14579124481}.Debug|Any CPU.Build.0 = Debug|Any CPU
		{6A21363A-334C-4AED-ABE1-C14579124481}.Release|Any CPU.ActiveCfg = Release|Any CPU
		{6A21363A-334C-4AED-ABE1-C14579124481}.Release|Any CPU.Build.0 = Release|Any CPU
		{4945293A-44D3-4FEF-887F-F870B12ACC02}.Debug|Any CPU.ActiveCfg = Debug|Any CPU
		{4945293A-44D3-4FEF-887F-F870B12ACC02}.Debug|Any CPU.Build.0 = Debug|Any CPU
		{4945293A-44D3-4FEF-887F-F870B12ACC02}.Release|Any CPU.ActiveCfg = Release|Any CPU
		{4945293A-44D3-4FEF-887F-F870B12ACC02}.Release|Any CPU.Build.0 = Release|Any CPU
	EndGlobalSection
	GlobalSection(SolutionProperties) = preSolution
		HideSolutionNode = FALSE
	EndGlobalSection
	GlobalSection(ExtensibilityGlobals) = postSolution
		SolutionGuid = {44BA34A3-E283-4BCC-97CB-B8AD488207B1}
	EndGlobalSection
EndGlobal
